
Microsoft Visual Studio Solution File, Format Version 12.00
# Visual Studio Version 16
VisualStudioVersion = 16.0.29418.71
MinimumVisualStudioVersion = 10.0.40219.1
Project("{FAE04EC0-301F-11D3-BF4B-00C04F79EFBC}") = "Atividade02", "Atividade02\Atividade02.csproj", "{E9B2B803-3822-484C-8E59-56C37B68C396}"
EndProject
Global
	GlobalSection(SolutionConfigurationPlatforms) = preSolution
		Debug|Any CPU = Debug|Any CPU
		Release|Any CPU = Release|Any CPU
	EndGlobalSection
	GlobalSection(ProjectConfigurationPlatforms) = postSolution
		{E9B2B803-3822-484C-8E59-56C37B68C396}.Debug|Any CPU.ActiveCfg = Debug|Any CPU
		{E9B2B803-3822-484C-8E59-56C37B68C396}.Debug|Any CPU.Build.0 = Debug|Any CPU
		{E9B2B803-3822-484C-8E59-56C37B68C396}.Release|Any CPU.ActiveCfg = Release|Any CPU
		{E9B2B803-3822-484C-8E59-56C37B68C396}.Release|Any CPU.Build.0 = Release|Any CPU
	EndGlobalSection
	GlobalSection(SolutionProperties) = preSolution
		HideSolutionNode = FALSE
	EndGlobalSection
	GlobalSection(ExtensibilityGlobals) = postSolution
		SolutionGuid = {8EF26426-A5A7-4E8B-8979-E025E2E4FEBF}
	EndGlobalSection
EndGlobal
